
Microsoft Visual Studio Solution File, Format Version 12.00
# Visual Studio Version 16
VisualStudioVersion = 16.0.31025.194
MinimumVisualStudioVersion = 10.0.40219.1
Project("{FAE04EC0-301F-11D3-BF4B-00C04F79EFBC}") = "TSPP_LAB1", "TSPP_LAB1\TSPP_LAB1.csproj", "{146A259C-39A3-4A10-8BEB-7F360A0DDCE4}"
EndProject
Global
	GlobalSection(SolutionConfigurationPlatforms) = preSolution
		Debug|Any CPU = Debug|Any CPU
		Release|Any CPU = Release|Any CPU
	EndGlobalSection
	GlobalSection(ProjectConfigurationPlatforms) = postSolution
		{146A259C-39A3-4A10-8BEB-7F360A0DDCE4}.Debug|Any CPU.ActiveCfg = Debug|Any CPU
		{146A259C-39A3-4A10-8BEB-7F360A0DDCE4}.Debug|Any CPU.Build.0 = Debug|Any CPU
		{146A259C-39A3-4A10-8BEB-7F360A0DDCE4}.Release|Any CPU.ActiveCfg = Release|Any CPU
		{146A259C-39A3-4A10-8BEB-7F360A0DDCE4}.Release|Any CPU.Build.0 = Release|Any CPU
	EndGlobalSection
	GlobalSection(SolutionProperties) = preSolution
		HideSolutionNode = FALSE
	EndGlobalSection
	GlobalSection(ExtensibilityGlobals) = postSolution
		SolutionGuid = {87630FCD-97BB-4EC3-BEC3-0F47EC98C70E}
	EndGlobalSection
EndGlobal
